# This file is automatically @generated by Wally.
# It is not intended for manual editing.
registry = "test"

[[package]]
name = "michael-48/iris"
version = "2.3.1"
dependencies = []

[[package]]
name = "roblox/testez"
version = "0.4.1"
dependencies = []

[[package]]
name = "thebo/luau-locke-nes"
version = "0.1.0"
dependencies = [["Iris", "michael-48/iris@2.3.1"], ["TestEZ", "roblox/testez@0.4.1"]]
